// !$*UTF8*$!
{
	archiveVersion = 1;
	classes = {
	};
	objectVersion = 50;
	objects = {

/* Begin PBXBuildFile section */
		07606D09259DBB2A003B76E7 /* AppDelegate.swift in Sources */ = {isa = PBXBuildFile; fileRef = 07606D08259DBB2A003B76E7 /* AppDelegate.swift */; };
		07606D0B259DBB2A003B76E7 /* SceneDelegate.swift in Sources */ = {isa = PBXBuildFile; fileRef = 07606D0A259DBB2A003B76E7 /* SceneDelegate.swift */; };
		07606D0D259DBB2A003B76E7 /* ContentView.swift in Sources */ = {isa = PBXBuildFile; fileRef = 07606D0C259DBB2A003B76E7 /* ContentView.swift */; };
		07606D0F259DBB2D003B76E7 /* Assets.xcassets in Resources */ = {isa = PBXBuildFile; fileRef = 07606D0E259DBB2D003B76E7 /* Assets.xcassets */; };
		07606D12259DBB2D003B76E7 /* Preview Assets.xcassets in Resources */ = {isa = PBXBuildFile; fileRef = 07606D11259DBB2D003B76E7 /* Preview Assets.xcassets */; };
		07606D15259DBB2D003B76E7 /* LaunchScreen.storyboard in Resources */ = {isa = PBXBuildFile; fileRef = 07606D13259DBB2D003B76E7 /* LaunchScreen.storyboard */; };
		07606D21259DD00D003B76E7 /* BaseListView.swift in Sources */ = {isa = PBXBuildFile; fileRef = 07606D20259DD00D003B76E7 /* BaseListView.swift */; };
		07606D25259DD81F003B76E7 /* LayoutListView.swift in Sources */ = {isa = PBXBuildFile; fileRef = 07606D24259DD81F003B76E7 /* LayoutListView.swift */; };
		07606D2F259DE0C6003B76E7 /* JbbDefine.swift in Sources */ = {isa = PBXBuildFile; fileRef = 07606D2E259DE0C6003B76E7 /* JbbDefine.swift */; };
		29BC880A259F713300A23548 /* ThreeDScrollView.swift in Sources */ = {isa = PBXBuildFile; fileRef = 29BC8809259F713300A23548 /* ThreeDScrollView.swift */; };
/* End PBXBuildFile section */

/* Begin PBXFileReference section */
		07606D05259DBB2A003B76E7 /* SwiftUIAll.app */ = {isa = PBXFileReference; explicitFileType = wrapper.application; includeInIndex = 0; path = SwiftUIAll.app; sourceTree = BUILT_PRODUCTS_DIR; };
		07606D08259DBB2A003B76E7 /* AppDelegate.swift */ = {isa = PBXFileReference; lastKnownFileType = sourcecode.swift; path = AppDelegate.swift; sourceTree = "<group>"; };
		07606D0A259DBB2A003B76E7 /* SceneDelegate.swift */ = {isa = PBXFileReference; lastKnownFileType = sourcecode.swift; path = SceneDelegate.swift; sourceTree = "<group>"; };
		07606D0C259DBB2A003B76E7 /* ContentView.swift */ = {isa = PBXFileReference; lastKnownFileType = sourcecode.swift; path = ContentView.swift; sourceTree = "<group>"; };
		07606D0E259DBB2D003B76E7 /* Assets.xcassets */ = {isa = PBXFileReference; lastKnownFileType = folder.assetcatalog; path = Assets.xcassets; sourceTree = "<group>"; };
		07606D11259DBB2D003B76E7 /* Preview Assets.xcassets */ = {isa = PBXFileReference; lastKnownFileType = folder.assetcatalog; path = "Preview Assets.xcassets"; sourceTree = "<group>"; };
		07606D14259DBB2D003B76E7 /* Base */ = {isa = PBXFileReference; lastKnownFileType = file.storyboard; name = Base; path = Base.lproj/LaunchScreen.storyboard; sourceTree = "<group>"; };
		07606D16259DBB2D003B76E7 /* Info.plist */ = {isa = PBXFileReference; lastKnownFileType = text.plist.xml; path = Info.plist; sourceTree = "<group>"; };
		07606D20259DD00D003B76E7 /* BaseListView.swift */ = {isa = PBXFileReference; lastKnownFileType = sourcecode.swift; path = BaseListView.swift; sourceTree = "<group>"; };
		07606D24259DD81F003B76E7 /* LayoutListView.swift */ = {isa = PBXFileReference; lastKnownFileType = sourcecode.swift; path = LayoutListView.swift; sourceTree = "<group>"; };
		07606D2E259DE0C6003B76E7 /* JbbDefine.swift */ = {isa = PBXFileReference; lastKnownFileType = sourcecode.swift; path = JbbDefine.swift; sourceTree = "<group>"; };
		29BC8809259F713300A23548 /* ThreeDScrollView.swift */ = {isa = PBXFileReference; lastKnownFileType = sourcecode.swift; path = ThreeDScrollView.swift; sourceTree = "<group>"; };
/* End PBXFileReference section */

/* Begin PBXFrameworksBuildPhase section */
		07606D02259DBB2A003B76E7 /* Frameworks */ = {
			isa = PBXFrameworksBuildPhase;
			buildActionMask = 2147483647;
			files = (
			);
			runOnlyForDeploymentPostprocessing = 0;
		};
/* End PBXFrameworksBuildPhase section */

/* Begin PBXGroup section */
		07606CFC259DBB2A003B76E7 = {
			isa = PBXGroup;
			children = (
				07606D07259DBB2A003B76E7 /* SwiftUIAll */,
				07606D06259DBB2A003B76E7 /* Products */,
			);
			sourceTree = "<group>";
		};
		07606D06259DBB2A003B76E7 /* Products */ = {
			isa = PBXGroup;
			children = (
				07606D05259DBB2A003B76E7 /* SwiftUIAll.app */,
			);
			name = Products;
			sourceTree = "<group>";
		};
		07606D07259DBB2A003B76E7 /* SwiftUIAll */ = {
			isa = PBXGroup;
			children = (
				29BC8801259F5FEA00A23548 /* JBBHomeView */,
				07606D28259DDFFF003B76E7 /* JBBTool */,
				29BC8802259F609500A23548 /* JBBPage */,
				07606D08259DBB2A003B76E7 /* AppDelegate.swift */,
				07606D0A259DBB2A003B76E7 /* SceneDelegate.swift */,
				07606D0C259DBB2A003B76E7 /* ContentView.swift */,
				07606D0E259DBB2D003B76E7 /* Assets.xcassets */,
				07606D13259DBB2D003B76E7 /* LaunchScreen.storyboard */,
				07606D16259DBB2D003B76E7 /* Info.plist */,
				07606D10259DBB2D003B76E7 /* Preview Content */,
			);
			path = SwiftUIAll;
			sourceTree = "<group>";
		};
		07606D10259DBB2D003B76E7 /* Preview Content */ = {
			isa = PBXGroup;
			children = (
				07606D11259DBB2D003B76E7 /* Preview Assets.xcassets */,
			);
			path = "Preview Content";
			sourceTree = "<group>";
		};
		07606D28259DDFFF003B76E7 /* JBBTool */ = {
			isa = PBXGroup;
			children = (
				07606D2E259DE0C6003B76E7 /* JbbDefine.swift */,
			);
			path = JBBTool;
			sourceTree = "<group>";
		};
		29BC8801259F5FEA00A23548 /* JBBHomeView */ = {
			isa = PBXGroup;
			children = (
				07606D24259DD81F003B76E7 /* LayoutListView.swift */,
				07606D20259DD00D003B76E7 /* BaseListView.swift */,
			);
			path = JBBHomeView;
			sourceTree = "<group>";
		};
		29BC8802259F609500A23548 /* JBBPage */ = {
			isa = PBXGroup;
			children = (
				29BC8809259F713300A23548 /* ThreeDScrollView.swift */,
			);
			path = JBBPage;
			sourceTree = "<group>";
		};
/* End PBXGroup section */

/* Begin PBXNativeTarget section */
		07606D04259DBB2A003B76E7 /* SwiftUIAll */ = {
			isa = PBXNativeTarget;
			buildConfigurationList = 07606D19259DBB2D003B76E7 /* Build configuration list for PBXNativeTarget "SwiftUIAll" */;
			buildPhases = (
				07606D01259DBB2A003B76E7 /* Sources */,
				07606D02259DBB2A003B76E7 /* Frameworks */,
				07606D03259DBB2A003B76E7 /* Resources */,
			);
			buildRules = (
			);
			dependencies = (
			);
			name = SwiftUIAll;
			productName = SwiftUIAll;
			productReference = 07606D05259DBB2A003B76E7 /* SwiftUIAll.app */;
			productType = "com.apple.product-type.application";
		};
/* End PBXNativeTarget section */

/* Begin PBXProject section */
		07606CFD259DBB2A003B76E7 /* Project object */ = {
			isa = PBXProject;
			attributes = {
				LastSwiftUpdateCheck = 1230;
				LastUpgradeCheck = 1230;
				TargetAttributes = {
					07606D04259DBB2A003B76E7 = {
						CreatedOnToolsVersion = 12.3;
					};
				};
			};
			buildConfigurationList = 07606D00259DBB2A003B76E7 /* Build configuration list for PBXProject "SwiftUIAll" */;
			compatibilityVersion = "Xcode 9.3";
			developmentRegion = en;
			hasScannedForEncodings = 0;
			knownRegions = (
				en,
				Base,
			);
			mainGroup = 07606CFC259DBB2A003B76E7;
			productRefGroup = 07606D06259DBB2A003B76E7 /* Products */;
			projectDirPath = "";
			projectRoot = "";
			targets = (
				07606D04259DBB2A003B76E7 /* SwiftUIAll */,
			);
		};
/* End PBXProject section */

/* Begin PBXResourcesBuildPhase section */
		07606D03259DBB2A003B76E7 /* Resources */ = {
			isa = PBXResourcesBuildPhase;
			buildActionMask = 2147483647;
			files = (
				07606D15259DBB2D003B76E7 /* LaunchScreen.storyboard in Resources */,
				07606D12259DBB2D003B76E7 /* Preview Assets.xcassets in Resources */,
				07606D0F259DBB2D003B76E7 /* Assets.xcassets in Resources */,
			);
			runOnlyForDeploymentPostprocessing = 0;
		};
/* End PBXResourcesBuildPhase section */

/* Begin PBXSourcesBuildPhase section */
		07606D01259DBB2A003B76E7 /* Sources */ = {
			isa = PBXSourcesBuildPhase;
			buildActionMask = 2147483647;
			files = (
				07606D09259DBB2A003B76E7 /* AppDelegate.swift in Sources */,
				29BC880A259F713300A23548 /* ThreeDScrollView.swift in Sources */,
				07606D2F259DE0C6003B76E7 /* JbbDefine.swift in Sources */,
				07606D25259DD81F003B76E7 /* LayoutListView.swift in Sources */,
				07606D0B259DBB2A003B76E7 /* SceneDelegate.swift in Sources */,
				07606D0D259DBB2A003B76E7 /* ContentView.swift in Sources */,
				07606D21259DD00D003B76E7 /* BaseListView.swift in Sources */,
			);
			runOnlyForDeploymentPostprocessing = 0;
		};
/* End PBXSourcesBuildPhase section */

/* Begin PBXVariantGroup section */
		07606D13259DBB2D003B76E7 /* LaunchScreen.storyboard */ = {
			isa = PBXVariantGroup;
			children = (
				07606D14259DBB2D003B76E7 /* Base */,
			);
			name = LaunchScreen.storyboard;
			sourceTree = "<group>";
		};
/* End PBXVariantGroup section */

/* Begin XCBuildConfiguration section */
		07606D17259DBB2D003B76E7 /* Debug */ = {
			isa = XCBuildConfiguration;
			buildSettings = {
				ALWAYS_SEARCH_USER_PATHS = NO;
				CLANG_ANALYZER_NONNULL = YES;
				CLANG_ANALYZER_NUMBER_OBJECT_CONVERSION = YES_AGGRESSIVE;
				CLANG_CXX_LANGUAGE_STANDARD = "gnu++14";
				CLANG_CXX_LIBRARY = "libc++";
				CLANG_ENABLE_MODULES = YES;
				CLANG_ENABLE_OBJC_ARC = YES;
				CLANG_ENABLE_OBJC_WEAK = YES;
				CLANG_WARN_BLOCK_CAPTURE_AUTORELEASING = YES;
				CLANG_WARN_BOOL_CONVERSION = YES;
				CLANG_WARN_COMMA = YES;
				CLANG_WARN_CONSTANT_CONVERSION = YES;
				CLANG_WARN_DEPRECATED_OBJC_IMPLEMENTATIONS = YES;
				CLANG_WARN_DIRECT_OBJC_ISA_USAGE = YES_ERROR;
				CLANG_WARN_DOCUMENTATION_COMMENTS = YES;
				CLANG_WARN_EMPTY_BODY = YES;
				CLANG_WARN_ENUM_CONVERSION = YES;
				CLANG_WARN_INFINITE_RECURSION = YES;
				CLANG_WARN_INT_CONVERSION = YES;
				CLANG_WARN_NON_LITERAL_NULL_CONVERSION = YES;
				CLANG_WARN_OBJC_IMPLICIT_RETAIN_SELF = YES;
				CLANG_WARN_OBJC_LITERAL_CONVERSION = YES;
				CLANG_WARN_OBJC_ROOT_CLASS = YES_ERROR;
				CLANG_WARN_QUOTED_INCLUDE_IN_FRAMEWORK_HEADER = YES;
				CLANG_WARN_RANGE_LOOP_ANALYSIS = YES;
				CLANG_WARN_STRICT_PROTOTYPES = YES;
				CLANG_WARN_SUSPICIOUS_MOVE = YES;
				CLANG_WARN_UNGUARDED_AVAILABILITY = YES_AGGRESSIVE;
				CLANG_WARN_UNREACHABLE_CODE = YES;
				CLANG_WARN__DUPLICATE_METHOD_MATCH = YES;
				COPY_PHASE_STRIP = NO;
				DEBUG_INFORMATION_FORMAT = dwarf;
				ENABLE_STRICT_OBJC_MSGSEND = YES;
				ENABLE_TESTABILITY = YES;
				GCC_C_LANGUAGE_STANDARD = gnu11;
				GCC_DYNAMIC_NO_PIC = NO;
				GCC_NO_COMMON_BLOCKS = YES;
				GCC_OPTIMIZATION_LEVEL = 0;
				GCC_PREPROCESSOR_DEFINITIONS = (
					"DEBUG=1",
					"$(inherited)",
				);
				GCC_WARN_64_TO_32_BIT_CONVERSION = YES;
				GCC_WARN_ABOUT_RETURN_TYPE = YES_ERROR;
				GCC_WARN_UNDECLARED_SELECTOR = YES;
				GCC_WARN_UNINITIALIZED_AUTOS = YES_AGGRESSIVE;
				GCC_WARN_UNUSED_FUNCTION = YES;
				GCC_WARN_UNUSED_VARIABLE = YES;
				IPHONEOS_DEPLOYMENT_TARGET = 13.0;
				MTL_ENABLE_DEBUG_INFO = INCLUDE_SOURCE;
				MTL_FAST_MATH = YES;
				ONLY_ACTIVE_ARCH = YES;
				SDKROOT = iphoneos;
				SWIFT_ACTIVE_COMPILATION_CONDITIONS = DEBUG;
				SWIFT_OPTIMIZATION_LEVEL = "-Onone";
			};
			name = Debug;
		};
		07606D18259DBB2D003B76E7 /* Release */ = {
			isa = XCBuildConfiguration;
			buildSettings = {
				ALWAYS_SEARCH_USER_PATHS = NO;
				CLANG_ANALYZER_NONNULL = YES;
				CLANG_ANALYZER_NUMBER_OBJECT_CONVERSION = YES_AGGRESSIVE;
				CLANG_CXX_LANGUAGE_STANDARD = "gnu++14";
				CLANG_CXX_LIBRARY = "libc++";
				CLANG_ENABLE_MODULES = YES;
				CLANG_ENABLE_OBJC_ARC = YES;
				CLANG_ENABLE_OBJC_WEAK = YES;
				CLANG_WARN_BLOCK_CAPTURE_AUTORELEASING = YES;
				CLANG_WARN_BOOL_CONVERSION = YES;
				CLANG_WARN_COMMA = YES;
				CLANG_WARN_CONSTANT_CONVERSION = YES;
				CLANG_WARN_DEPRECATED_OBJC_IMPLEMENTATIONS = YES;
				CLANG_WARN_DIRECT_OBJC_ISA_USAGE = YES_ERROR;
				CLANG_WARN_DOCUMENTATION_COMMENTS = YES;
				CLANG_WARN_EMPTY_BODY = YES;
				CLANG_WARN_ENUM_CONVERSION = YES;
				CLANG_WARN_INFINITE_RECURSION = YES;
				CLANG_WARN_INT_CONVERSION = YES;
				CLANG_WARN_NON_LITERAL_NULL_CONVERSION = YES;
				CLANG_WARN_OBJC_IMPLICIT_RETAIN_SELF = YES;
				CLANG_WARN_OBJC_LITERAL_CONVERSION = YES;
				CLANG_WARN_OBJC_ROOT_CLASS = YES_ERROR;
				CLANG_WARN_QUOTED_INCLUDE_IN_FRAMEWORK_HEADER = YES;
				CLANG_WARN_RANGE_LOOP_ANALYSIS = YES;
				CLANG_WARN_STRICT_PROTOTYPES = YES;
				CLANG_WARN_SUSPICIOUS_MOVE = YES;
				CLANG_WARN_UNGUARDED_AVAILABILITY = YES_AGGRESSIVE;
				CLANG_WARN_UNREACHABLE_CODE = YES;
				CLANG_WARN__DUPLICATE_METHOD_MATCH = YES;
				COPY_PHASE_STRIP = NO;
				DEBUG_INFORMATION_FORMAT = "dwarf-with-dsym";
				ENABLE_NS_ASSERTIONS = NO;
				ENABLE_STRICT_OBJC_MSGSEND = YES;
				GCC_C_LANGUAGE_STANDARD = gnu11;
				GCC_NO_COMMON_BLOCKS = YES;
				GCC_WARN_64_TO_32_BIT_CONVERSION = YES;
				GCC_WARN_ABOUT_RETURN_TYPE = YES_ERROR;
				GCC_WARN_UNDECLARED_SELECTOR = YES;
				GCC_WARN_UNINITIALIZED_AUTOS = YES_AGGRESSIVE;
				GCC_WARN_UNUSED_FUNCTION = YES;
				GCC_WARN_UNUSED_VARIABLE = YES;
				IPHONEOS_DEPLOYMENT_TARGET = 13.0;
				MTL_ENABLE_DEBUG_INFO = NO;
				MTL_FAST_MATH = YES;
				SDKROOT = iphoneos;
				SWIFT_COMPILATION_MODE = wholemodule;
				SWIFT_OPTIMIZATION_LEVEL = "-O";
				VALIDATE_PRODUCT = YES;
			};
			name = Release;
		};
		07606D1A259DBB2D003B76E7 /* Debug */ = {
			isa = XCBuildConfiguration;
			buildSettings = {
				ASSETCATALOG_COMPILER_APPICON_NAME = AppIcon;
				ASSETCATALOG_COMPILER_GLOBAL_ACCENT_COLOR_NAME = AccentColor;
				CODE_SIGN_STYLE = Automatic;
				DEVELOPMENT_ASSET_PATHS = "\"SwiftUIAll/Preview Content\"";
				DEVELOPMENT_TEAM = F7YBM7MWE6;
				ENABLE_PREVIEWS = YES;
				INFOPLIST_FILE = SwiftUIAll/Info.plist;
				IPHONEOS_DEPLOYMENT_TARGET = 13.0;
				LD_RUNPATH_SEARCH_PATHS = (
					"$(inherited)",
					"@executable_path/Frameworks",
				);
				PRODUCT_BUNDLE_IDENTIFIER = com.nova.SwiftUIAll;
				PRODUCT_NAME = "$(TARGET_NAME)";
				SWIFT_VERSION = 5.0;
				TARGETED_DEVICE_FAMILY = "1,2";
			};
			name = Debug;
		};
		07606D1B259DBB2D003B76E7 /* Release */ = {
			isa = XCBuildConfiguration;
			buildSettings = {
				ASSETCATALOG_COMPILER_APPICON_NAME = AppIcon;
				ASSETCATALOG_COMPILER_GLOBAL_ACCENT_COLOR_NAME = AccentColor;
				CODE_SIGN_STYLE = Automatic;
				DEVELOPMENT_ASSET_PATHS = "\"SwiftUIAll/Preview Content\"";
				DEVELOPMENT_TEAM = F7YBM7MWE6;
				ENABLE_PREVIEWS = YES;
				INFOPLIST_FILE = SwiftUIAll/Info.plist;
				IPHONEOS_DEPLOYMENT_TARGET = 13.0;
				LD_RUNPATH_SEARCH_PATHS = (
					"$(inherited)",
					"@executable_path/Frameworks",
				);
				PRODUCT_BUNDLE_IDENTIFIER = com.nova.SwiftUIAll;
				PRODUCT_NAME = "$(TARGET_NAME)";
				SWIFT_VERSION = 5.0;
				TARGETED_DEVICE_FAMILY = "1,2";
			};
			name = Release;
		};
/* End XCBuildConfiguration section */

/* Begin XCConfigurationList section */
		07606D00259DBB2A003B76E7 /* Build configuration list for PBXProject "SwiftUIAll" */ = {
			isa = XCConfigurationList;
			buildConfigurations = (
				07606D17259DBB2D003B76E7 /* Debug */,
				07606D18259DBB2D003B76E7 /* Release */,
			);
			defaultConfigurationIsVisible = 0;
			defaultConfigurationName = Release;
		};
		07606D19259DBB2D003B76E7 /* Build configuration list for PBXNativeTarget "SwiftUIAll" */ = {
			isa = XCConfigurationList;
			buildConfigurations = (
				07606D1A259DBB2D003B76E7 /* Debug */,
				07606D1B259DBB2D003B76E7 /* Release */,
			);
			defaultConfigurationIsVisible = 0;
			defaultConfigurationName = Release;
		};
/* End XCConfigurationList section */
	};
	rootObject = 07606CFD259DBB2A003B76E7 /* Project object */;
}
